
Microsoft Visual Studio Solution File, Format Version 12.00
# Visual Studio Version 17
VisualStudioVersion = 17.8.34316.72
MinimumVisualStudioVersion = 10.0.40219.1
Project("{FAE04EC0-301F-11D3-BF4B-00C04F79EFBC}") = "Bankowosc.Server", "Server\Bankowosc.Server.csproj", "{8F001CB7-F14F-462C-847B-30B1DEDC8AB5}"
EndProject
Project("{FAE04EC0-301F-11D3-BF4B-00C04F79EFBC}") = "Bankowosc.Shared", "Shared\Bankowosc.Shared.csproj", "{086E9EED-9C8B-479C-AF0A-AF4F393EB227}"
EndProject
Project("{FAE04EC0-301F-11D3-BF4B-00C04F79EFBC}") = "Frontend.Server", "Frontend\Server\Frontend.Server.csproj", "{B4C83EB6-978B-4F91-8465-B89D6638B142}"
EndProject
Project("{FAE04EC0-301F-11D3-BF4B-00C04F79EFBC}") = "Frontend.Client", "Frontend\Client\Frontend.Client.csproj", "{BFE26CC5-B83E-438F-902A-A4018B0EA683}"
	ProjectSection(ProjectDependencies) = postProject
		{086E9EED-9C8B-479C-AF0A-AF4F393EB227} = {086E9EED-9C8B-479C-AF0A-AF4F393EB227}
	EndProjectSection
EndProject
Project("{FAE04EC0-301F-11D3-BF4B-00C04F79EFBC}") = "Frontend.Shared", "Frontend\Shared\Frontend.Shared.csproj", "{08A28578-CC18-4FFF-98FF-220BB79C28ED}"
EndProject
Global
	GlobalSection(SolutionConfigurationPlatforms) = preSolution
		Debug|Any CPU = Debug|Any CPU
		Release|Any CPU = Release|Any CPU
	EndGlobalSection
	GlobalSection(ProjectConfigurationPlatforms) = postSolution
		{8F001CB7-F14F-462C-847B-30B1DEDC8AB5}.Debug|Any CPU.ActiveCfg = Debug|Any CPU
		{8F001CB7-F14F-462C-847B-30B1DEDC8AB5}.Debug|Any CPU.Build.0 = Debug|Any CPU
		{8F001CB7-F14F-462C-847B-30B1DEDC8AB5}.Release|Any CPU.ActiveCfg = Release|Any CPU
		{8F001CB7-F14F-462C-847B-30B1DEDC8AB5}.Release|Any CPU.Build.0 = Release|Any CPU
		{086E9EED-9C8B-479C-AF0A-AF4F393EB227}.Debug|Any CPU.ActiveCfg = Debug|Any CPU
		{086E9EED-9C8B-479C-AF0A-AF4F393EB227}.Debug|Any CPU.Build.0 = Debug|Any CPU
		{086E9EED-9C8B-479C-AF0A-AF4F393EB227}.Release|Any CPU.ActiveCfg = Release|Any CPU
		{086E9EED-9C8B-479C-AF0A-AF4F393EB227}.Release|Any CPU.Build.0 = Release|Any CPU
		{B4C83EB6-978B-4F91-8465-B89D6638B142}.Debug|Any CPU.ActiveCfg = Debug|Any CPU
		{B4C83EB6-978B-4F91-8465-B89D6638B142}.Debug|Any CPU.Build.0 = Debug|Any CPU
		{B4C83EB6-978B-4F91-8465-B89D6638B142}.Release|Any CPU.ActiveCfg = Release|Any CPU
		{B4C83EB6-978B-4F91-8465-B89D6638B142}.Release|Any CPU.Build.0 = Release|Any CPU
		{BFE26CC5-B83E-438F-902A-A4018B0EA683}.Debug|Any CPU.ActiveCfg = Debug|Any CPU
		{BFE26CC5-B83E-438F-902A-A4018B0EA683}.Debug|Any CPU.Build.0 = Debug|Any CPU
		{BFE26CC5-B83E-438F-902A-A4018B0EA683}.Release|Any CPU.ActiveCfg = Release|Any CPU
		{BFE26CC5-B83E-438F-902A-A4018B0EA683}.Release|Any CPU.Build.0 = Release|Any CPU
		{08A28578-CC18-4FFF-98FF-220BB79C28ED}.Debug|Any CPU.ActiveCfg = Debug|Any CPU
		{08A28578-CC18-4FFF-98FF-220BB79C28ED}.Debug|Any CPU.Build.0 = Debug|Any CPU
		{08A28578-CC18-4FFF-98FF-220BB79C28ED}.Release|Any CPU.ActiveCfg = Release|Any CPU
		{08A28578-CC18-4FFF-98FF-220BB79C28ED}.Release|Any CPU.Build.0 = Release|Any CPU
	EndGlobalSection
	GlobalSection(SolutionProperties) = preSolution
		HideSolutionNode = FALSE
	EndGlobalSection
	GlobalSection(ExtensibilityGlobals) = postSolution
		SolutionGuid = {2FD5FBF6-4360-4957-B1D3-285F64053F52}
	EndGlobalSection
EndGlobal
