
Microsoft Visual Studio Solution File, Format Version 12.00
# Visual Studio Version 17
VisualStudioVersion = 17.8.34316.72
MinimumVisualStudioVersion = 10.0.40219.1
Project("{FAE04EC0-301F-11D3-BF4B-00C04F79EFBC}") = "Bankowosc.Server", "Server\Bankowosc.Server.csproj", "{8F001CB7-F14F-462C-847B-30B1DEDC8AB5}"
EndProject
Project("{FAE04EC0-301F-11D3-BF4B-00C04F79EFBC}") = "Bankowosc.Client", "Client\Bankowosc.Client.csproj", "{DEB3268D-519B-4289-91DD-92374AC2ED93}"
EndProject
Project("{FAE04EC0-301F-11D3-BF4B-00C04F79EFBC}") = "Bankowosc.Shared", "Shared\Bankowosc.Shared.csproj", "{086E9EED-9C8B-479C-AF0A-AF4F393EB227}"
EndProject
Global
	GlobalSection(SolutionConfigurationPlatforms) = preSolution
		Debug|Any CPU = Debug|Any CPU
		Release|Any CPU = Release|Any CPU
	EndGlobalSection
	GlobalSection(ProjectConfigurationPlatforms) = postSolution
		{8F001CB7-F14F-462C-847B-30B1DEDC8AB5}.Debug|Any CPU.ActiveCfg = Debug|Any CPU
		{8F001CB7-F14F-462C-847B-30B1DEDC8AB5}.Debug|Any CPU.Build.0 = Debug|Any CPU
		{8F001CB7-F14F-462C-847B-30B1DEDC8AB5}.Release|Any CPU.ActiveCfg = Release|Any CPU
		{8F001CB7-F14F-462C-847B-30B1DEDC8AB5}.Release|Any CPU.Build.0 = Release|Any CPU
		{DEB3268D-519B-4289-91DD-92374AC2ED93}.Debug|Any CPU.ActiveCfg = Debug|Any CPU
		{DEB3268D-519B-4289-91DD-92374AC2ED93}.Debug|Any CPU.Build.0 = Debug|Any CPU
		{DEB3268D-519B-4289-91DD-92374AC2ED93}.Release|Any CPU.ActiveCfg = Release|Any CPU
		{DEB3268D-519B-4289-91DD-92374AC2ED93}.Release|Any CPU.Build.0 = Release|Any CPU
		{086E9EED-9C8B-479C-AF0A-AF4F393EB227}.Debug|Any CPU.ActiveCfg = Debug|Any CPU
		{086E9EED-9C8B-479C-AF0A-AF4F393EB227}.Debug|Any CPU.Build.0 = Debug|Any CPU
		{086E9EED-9C8B-479C-AF0A-AF4F393EB227}.Release|Any CPU.ActiveCfg = Release|Any CPU
		{086E9EED-9C8B-479C-AF0A-AF4F393EB227}.Release|Any CPU.Build.0 = Release|Any CPU
	EndGlobalSection
	GlobalSection(SolutionProperties) = preSolution
		HideSolutionNode = FALSE
	EndGlobalSection
	GlobalSection(ExtensibilityGlobals) = postSolution
		SolutionGuid = {2FD5FBF6-4360-4957-B1D3-285F64053F52}
	EndGlobalSection
EndGlobal
