
Microsoft Visual Studio Solution File, Format Version 12.00
# Visual Studio Version 17
VisualStudioVersion = 17.8.34316.72
MinimumVisualStudioVersion = 10.0.40219.1
Project("{FAE04EC0-301F-11D3-BF4B-00C04F79EFBC}") = "Bankowość.Server", "Server\Bankowość.Server.csproj", "{47E0565B-7214-41DC-AAF2-E2FDB07EBDBD}"
EndProject
Project("{FAE04EC0-301F-11D3-BF4B-00C04F79EFBC}") = "Bankowość.Client", "Client\Bankowość.Client.csproj", "{C354A90D-0D24-432D-A01D-9D138F1C6492}"
EndProject
Project("{FAE04EC0-301F-11D3-BF4B-00C04F79EFBC}") = "Bankowość.Shared", "Shared\Bankowość.Shared.csproj", "{5B18D86F-BBE0-4CD3-A7B2-84E321F58B51}"
EndProject
Global
	GlobalSection(SolutionConfigurationPlatforms) = preSolution
		Debug|Any CPU = Debug|Any CPU
		Release|Any CPU = Release|Any CPU
	EndGlobalSection
	GlobalSection(ProjectConfigurationPlatforms) = postSolution
		{47E0565B-7214-41DC-AAF2-E2FDB07EBDBD}.Debug|Any CPU.ActiveCfg = Debug|Any CPU
		{47E0565B-7214-41DC-AAF2-E2FDB07EBDBD}.Debug|Any CPU.Build.0 = Debug|Any CPU
		{47E0565B-7214-41DC-AAF2-E2FDB07EBDBD}.Release|Any CPU.ActiveCfg = Release|Any CPU
		{47E0565B-7214-41DC-AAF2-E2FDB07EBDBD}.Release|Any CPU.Build.0 = Release|Any CPU
		{C354A90D-0D24-432D-A01D-9D138F1C6492}.Debug|Any CPU.ActiveCfg = Debug|Any CPU
		{C354A90D-0D24-432D-A01D-9D138F1C6492}.Debug|Any CPU.Build.0 = Debug|Any CPU
		{C354A90D-0D24-432D-A01D-9D138F1C6492}.Release|Any CPU.ActiveCfg = Release|Any CPU
		{C354A90D-0D24-432D-A01D-9D138F1C6492}.Release|Any CPU.Build.0 = Release|Any CPU
		{5B18D86F-BBE0-4CD3-A7B2-84E321F58B51}.Debug|Any CPU.ActiveCfg = Debug|Any CPU
		{5B18D86F-BBE0-4CD3-A7B2-84E321F58B51}.Debug|Any CPU.Build.0 = Debug|Any CPU
		{5B18D86F-BBE0-4CD3-A7B2-84E321F58B51}.Release|Any CPU.ActiveCfg = Release|Any CPU
		{5B18D86F-BBE0-4CD3-A7B2-84E321F58B51}.Release|Any CPU.Build.0 = Release|Any CPU
	EndGlobalSection
	GlobalSection(SolutionProperties) = preSolution
		HideSolutionNode = FALSE
	EndGlobalSection
	GlobalSection(ExtensibilityGlobals) = postSolution
		SolutionGuid = {9DAA2340-1460-45F8-AA9E-C73F39D2FF11}
	EndGlobalSection
EndGlobal
